
Microsoft Visual Studio Solution File, Format Version 12.00
Project("{FAE04EC0-301F-11D3-BF4B-00C04F79EFBC}") = "jaslab2", "jaslab2\jaslab2.csproj", "{857D7EF4-9465-414B-B547-79FDD1EAAAA7}"
EndProject
Global
	GlobalSection(SolutionConfigurationPlatforms) = preSolution
		Debug|Any CPU = Debug|Any CPU
		Release|Any CPU = Release|Any CPU
	EndGlobalSection
	GlobalSection(ProjectConfigurationPlatforms) = postSolution
		{857D7EF4-9465-414B-B547-79FDD1EAAAA7}.Debug|Any CPU.ActiveCfg = Debug|Any CPU
		{857D7EF4-9465-414B-B547-79FDD1EAAAA7}.Debug|Any CPU.Build.0 = Debug|Any CPU
		{857D7EF4-9465-414B-B547-79FDD1EAAAA7}.Release|Any CPU.ActiveCfg = Release|Any CPU
		{857D7EF4-9465-414B-B547-79FDD1EAAAA7}.Release|Any CPU.Build.0 = Release|Any CPU
	EndGlobalSection
EndGlobal
